
Microsoft Visual Studio Solution File, Format Version 12.00
# Visual Studio 15
VisualStudioVersion = 15.0.28010.2050
MinimumVisualStudioVersion = 10.0.40219.1
Project("{8BC9CEB8-8B4A-11D0-8D11-00A0C91BC942}") = "GenArt", "GenArt.vcxproj", "{4C9802A2-BDFE-4BA8-A746-4925B77A85EB}"
	ProjectSection(ProjectDependencies) = postProject
		{AF46BC57-F306-4D3C-B879-6A9250D6C426} = {AF46BC57-F306-4D3C-B879-6A9250D6C426}
	EndProjectSection
EndProject
Project("{8BC9CEB8-8B4A-11D0-8D11-00A0C91BC942}") = "DMcTools", "..\..\DMcTools\DMcTools_vc150\DMcTools.vcxproj", "{AF46BC57-F306-4D3C-B879-6A9250D6C426}"
EndProject
Global
	GlobalSection(SolutionConfigurationPlatforms) = preSolution
		Debug|x64 = Debug|x64
		Debug|x86 = Debug|x86
		Release|x64 = Release|x64
		Release|x86 = Release|x86
	EndGlobalSection
	GlobalSection(ProjectConfigurationPlatforms) = postSolution
		{4C9802A2-BDFE-4BA8-A746-4925B77A85EB}.Debug|x64.ActiveCfg = Debug|x64
		{4C9802A2-BDFE-4BA8-A746-4925B77A85EB}.Debug|x64.Build.0 = Debug|x64
		{4C9802A2-BDFE-4BA8-A746-4925B77A85EB}.Debug|x86.ActiveCfg = Debug|x64
		{4C9802A2-BDFE-4BA8-A746-4925B77A85EB}.Release|x64.ActiveCfg = Release|x64
		{4C9802A2-BDFE-4BA8-A746-4925B77A85EB}.Release|x64.Build.0 = Release|x64
		{4C9802A2-BDFE-4BA8-A746-4925B77A85EB}.Release|x86.ActiveCfg = Release|x64
		{AF46BC57-F306-4D3C-B879-6A9250D6C426}.Debug|x64.ActiveCfg = Debug|x64
		{AF46BC57-F306-4D3C-B879-6A9250D6C426}.Debug|x64.Build.0 = Debug|x64
		{AF46BC57-F306-4D3C-B879-6A9250D6C426}.Debug|x86.ActiveCfg = Debug|x64
		{AF46BC57-F306-4D3C-B879-6A9250D6C426}.Release|x64.ActiveCfg = Release|x64
		{AF46BC57-F306-4D3C-B879-6A9250D6C426}.Release|x64.Build.0 = Release|x64
		{AF46BC57-F306-4D3C-B879-6A9250D6C426}.Release|x86.ActiveCfg = Release|x64
	EndGlobalSection
	GlobalSection(SolutionProperties) = preSolution
		HideSolutionNode = FALSE
	EndGlobalSection
	GlobalSection(ExtensibilityGlobals) = postSolution
		SolutionGuid = {C5EC8868-5B1F-4744-B99D-816F35A40F90}
	EndGlobalSection
EndGlobal
