<?xml version="1.0" encoding="utf-8"?>
<Project ToolsVersion="4.0" xmlns="http://schemas.microsoft.com/developer/msbuild/2003">
  <ItemGroup>
    <Filter Include="Source Files">
      <UniqueIdentifier>{4FC737F1-C7A5-4376-A066-2A32D752A2FF}</UniqueIdentifier>
      <Extensions>cpp;c;cc;cxx;def;odl;idl;hpj;bat;asm;asmx</Extensions>
    </Filter>
    <Filter Include="Header Files">
      <UniqueIdentifier>{93995380-89BD-4b04-88EB-625FBE52EBFB}</UniqueIdentifier>
      <Extensions>h;hh;hpp;hxx;hm;inl;inc;ipp;xsd</Extensions>
    </Filter>
    <Filter Include="Resource Files">
      <UniqueIdentifier>{67DA6AB6-F800-4c08-8B7A-83BB121AAD01}</UniqueIdentifier>
      <Extensions>rc;ico;cur;bmp;dlg;rc2;rct;bin;rgs;gif;jpg;jpeg;jpe;resx;tiff;tif;png;wav;mfcribbon-ms</Extensions>
    </Filter>
  </ItemGroup>
  <ItemGroup>
    <CudaCompile Include="..\src\AutoScorer_kernels.cu" />
    <CudaCompile Include="..\src\MathStyleRender_kernel.cu" />
  </ItemGroup>
  <ItemGroup>
    <ClCompile Include="..\src\BinaryExprSubclasses.cpp">
      <Filter>Source Files</Filter>
    </ClCompile>
    <ClCompile Include="..\src\Counters.cpp">
      <Filter>Source Files</Filter>
    </ClCompile>
    <ClCompile Include="..\src\CUDAHelpers.cpp">
      <Filter>Source Files</Filter>
    </ClCompile>
    <ClCompile Include="..\src\Evolver.cpp">
      <Filter>Source Files</Filter>
    </ClCompile>
    <ClCompile Include="..\src\Expr.cpp">
      <Filter>Source Files</Filter>
    </ClCompile>
    <ClCompile Include="..\src\ExprHelpers.cpp">
      <Filter>Source Files</Filter>
    </ClCompile>
    <ClCompile Include="..\src\ExprTools.cpp">
      <Filter>Source Files</Filter>
    </ClCompile>
    <ClCompile Include="..\src\Individual.cpp">
      <Filter>Source Files</Filter>
    </ClCompile>
    <ClCompile Include="..\src\Interop.cpp">
      <Filter>Source Files</Filter>
    </ClCompile>
    <ClCompile Include="..\src\Interval.cpp">
      <Filter>Source Files</Filter>
    </ClCompile>
    <ClCompile Include="..\src\IntervalImplementations.cpp">
      <Filter>Source Files</Filter>
    </ClCompile>
    <ClCompile Include="..\src\Main.cpp">
      <Filter>Source Files</Filter>
    </ClCompile>
    <ClCompile Include="..\src\MathIndividual.cpp">
      <Filter>Source Files</Filter>
    </ClCompile>
    <ClCompile Include="..\src\MathStyle.cpp">
      <Filter>Source Files</Filter>
    </ClCompile>
    <ClCompile Include="..\src\MathStyleCUDARender.cpp">
      <Filter>Source Files</Filter>
    </ClCompile>
    <ClCompile Include="..\src\NonaryExprSubclasses.cpp">
      <Filter>Source Files</Filter>
    </ClCompile>
    <ClCompile Include="..\src\Population.cpp">
      <Filter>Source Files</Filter>
    </ClCompile>
    <ClCompile Include="..\src\RenderManager.cpp">
      <Filter>Source Files</Filter>
    </ClCompile>
    <ClCompile Include="..\src\Style.cpp">
      <Filter>Source Files</Filter>
    </ClCompile>
    <ClCompile Include="..\src\Test.cpp">
      <Filter>Source Files</Filter>
    </ClCompile>
    <ClCompile Include="..\src\TestExpressions.cpp">
      <Filter>Source Files</Filter>
    </ClCompile>
    <ClCompile Include="..\src\UI.cpp">
      <Filter>Source Files</Filter>
    </ClCompile>
    <ClCompile Include="..\src\UnaryExprSubclasses.cpp">
      <Filter>Source Files</Filter>
    </ClCompile>
  </ItemGroup>
  <ItemGroup>
    <ClInclude Include="..\src\AutoScorer.h">
      <Filter>Header Files</Filter>
    </ClInclude>
    <ClInclude Include="..\src\BinaryExprSubclasses.h">
      <Filter>Header Files</Filter>
    </ClInclude>
    <ClInclude Include="..\src\Counters.h">
      <Filter>Header Files</Filter>
    </ClInclude>
    <ClInclude Include="..\src\CUDAHelpers.h">
      <Filter>Header Files</Filter>
    </ClInclude>
    <ClInclude Include="..\src\CUDARender.h">
      <Filter>Header Files</Filter>
    </ClInclude>
    <ClInclude Include="..\src\Evaluator.h">
      <Filter>Header Files</Filter>
    </ClInclude>
    <ClInclude Include="..\src\MathHelpers.h">
      <Filter>Header Files</Filter>
    </ClInclude>
    <ClInclude Include="..\src\MathIndividual.h">
      <Filter>Header Files</Filter>
    </ClInclude>
    <ClInclude Include="..\src\MathStyle.h">
      <Filter>Header Files</Filter>
    </ClInclude>
    <ClInclude Include="..\src\MathStyleCUDARender.h">
      <Filter>Header Files</Filter>
    </ClInclude>
    <ClInclude Include="..\src\MathStyleDefines.h">
      <Filter>Header Files</Filter>
    </ClInclude>
    <ClInclude Include="..\src\MathStyleRender_kernel.h">
      <Filter>Header Files</Filter>
    </ClInclude>
    <ClInclude Include="..\src\NonaryExprSubclasses.h">
      <Filter>Header Files</Filter>
    </ClInclude>
    <ClInclude Include="..\src\Population.h">
      <Filter>Header Files</Filter>
    </ClInclude>
    <ClInclude Include="..\src\RenderHelpers.h">
      <Filter>Header Files</Filter>
    </ClInclude>
    <ClInclude Include="..\src\RenderManager.h">
      <Filter>Header Files</Filter>
    </ClInclude>
    <ClInclude Include="..\src\Style.h">
      <Filter>Header Files</Filter>
    </ClInclude>
    <ClInclude Include="..\src\Test.h">
      <Filter>Header Files</Filter>
    </ClInclude>
    <ClInclude Include="..\src\UI.h">
      <Filter>Header Files</Filter>
    </ClInclude>
    <ClInclude Include="..\src\UnaryExprSubclasses.h">
      <Filter>Header Files</Filter>
    </ClInclude>
    <ClInclude Include="..\src\Utils.h">
      <Filter>Header Files</Filter>
    </ClInclude>
    <ClInclude Include="..\src\IntervalImplementations.h">
      <Filter>Header Files</Filter>
    </ClInclude>
    <ClInclude Include="..\src\Evolver.h">
      <Filter>Header Files</Filter>
    </ClInclude>
    <ClInclude Include="..\src\Expr.h">
      <Filter>Header Files</Filter>
    </ClInclude>
    <ClInclude Include="..\src\ExprHelpers.h">
      <Filter>Header Files</Filter>
    </ClInclude>
    <ClInclude Include="..\src\ExprImplementations.h">
      <Filter>Header Files</Filter>
    </ClInclude>
    <ClInclude Include="..\src\ExprTools.h">
      <Filter>Header Files</Filter>
    </ClInclude>
    <ClInclude Include="..\src\Individual.h">
      <Filter>Header Files</Filter>
    </ClInclude>
    <ClInclude Include="..\src\Interop.h">
      <Filter>Header Files</Filter>
    </ClInclude>
    <ClInclude Include="..\src\Interval.h">
      <Filter>Header Files</Filter>
    </ClInclude>
  </ItemGroup>
</Project>